{
  "requires": true,
  "lockfileVersion": 1,
  "dependencies": {
    "material-icons": {
      "version": "1.10.0",
      "resolved": "https://registry.npmjs.org/material-icons/-/material-icons-1.10.0.tgz",
      "integrity": "sha512-eq5JxFbuUbYSk121JwABRZh03tHfbI9MO+TtAWlzW+IP+u10yHMnz5/fz9YtkgL+eR6j6hL7NAthXZulPwzySA=="
    }
  }
}
